
Microsoft Visual Studio Solution File, Format Version 12.00
# Visual Studio 15
VisualStudioVersion = 15.0.28307.757
MinimumVisualStudioVersion = 10.0.40219.1
Project("{FAE04EC0-301F-11D3-BF4B-00C04F79EFBC}") = "POSUtilities", "POSUtilities\POSUtilities.csproj", "{F00858F9-85D3-449A-9B49-800CBF1D5CA8}"
EndProject
Project("{FAE04EC0-301F-11D3-BF4B-00C04F79EFBC}") = "GetChangeDEMO", "GetChangeDEMO\GetChangeDEMO.csproj", "{499838E6-F33C-4176-AE2F-FB0BDA51DDE8}"
EndProject
Global
	GlobalSection(SolutionConfigurationPlatforms) = preSolution
		Debug|Any CPU = Debug|Any CPU
		Release|Any CPU = Release|Any CPU
	EndGlobalSection
	GlobalSection(ProjectConfigurationPlatforms) = postSolution
		{F00858F9-85D3-449A-9B49-800CBF1D5CA8}.Debug|Any CPU.ActiveCfg = Debug|Any CPU
		{F00858F9-85D3-449A-9B49-800CBF1D5CA8}.Debug|Any CPU.Build.0 = Debug|Any CPU
		{F00858F9-85D3-449A-9B49-800CBF1D5CA8}.Release|Any CPU.ActiveCfg = Release|Any CPU
		{F00858F9-85D3-449A-9B49-800CBF1D5CA8}.Release|Any CPU.Build.0 = Release|Any CPU
		{499838E6-F33C-4176-AE2F-FB0BDA51DDE8}.Debug|Any CPU.ActiveCfg = Debug|Any CPU
		{499838E6-F33C-4176-AE2F-FB0BDA51DDE8}.Debug|Any CPU.Build.0 = Debug|Any CPU
		{499838E6-F33C-4176-AE2F-FB0BDA51DDE8}.Release|Any CPU.ActiveCfg = Release|Any CPU
		{499838E6-F33C-4176-AE2F-FB0BDA51DDE8}.Release|Any CPU.Build.0 = Release|Any CPU
	EndGlobalSection
	GlobalSection(SolutionProperties) = preSolution
		HideSolutionNode = FALSE
	EndGlobalSection
	GlobalSection(ExtensibilityGlobals) = postSolution
		SolutionGuid = {ED4120ED-4B31-4412-BFFF-49B9C07061B7}
	EndGlobalSection
EndGlobal
